
Microsoft Visual Studio Solution File, Format Version 12.00
# Visual Studio Version 17
VisualStudioVersion = 17.14.36930.0 d17.14
MinimumVisualStudioVersion = 10.0.40219.1
Project("{FAE04EC0-301F-11D3-BF4B-00C04F79EFBC}") = "WebApplication1", "WebApplication1.csproj", "{07AF33AD-81A5-4B8E-B41A-0E03360E63D1}"
EndProject
Global
	GlobalSection(SolutionConfigurationPlatforms) = preSolution
		Debug|Any CPU = Debug|Any CPU
		Release|Any CPU = Release|Any CPU
	EndGlobalSection
	GlobalSection(ProjectConfigurationPlatforms) = postSolution
		{07AF33AD-81A5-4B8E-B41A-0E03360E63D1}.Debug|Any CPU.ActiveCfg = Debug|Any CPU
		{07AF33AD-81A5-4B8E-B41A-0E03360E63D1}.Debug|Any CPU.Build.0 = Debug|Any CPU
		{07AF33AD-81A5-4B8E-B41A-0E03360E63D1}.Release|Any CPU.ActiveCfg = Release|Any CPU
		{07AF33AD-81A5-4B8E-B41A-0E03360E63D1}.Release|Any CPU.Build.0 = Release|Any CPU
	EndGlobalSection
	GlobalSection(SolutionProperties) = preSolution
		HideSolutionNode = FALSE
	EndGlobalSection
	GlobalSection(ExtensibilityGlobals) = postSolution
		SolutionGuid = {F36FB047-3649-4E7D-BEFB-DDC063534B50}
	EndGlobalSection
EndGlobal
